
Microsoft Visual Studio Solution File, Format Version 12.00
# Visual Studio Version 17
VisualStudioVersion = 17.0.31903.59
MinimumVisualStudioVersion = 10.0.40219.1
Project("{FAE04EC0-301F-11D3-BF4B-00C04F79EFBC}") = "OrbitalOrganizer.Core", "OrbitalOrganizer.Core\OrbitalOrganizer.Core.csproj", "{1E27D6B2-7F02-436A-A43D-F43FCD6A2410}"
EndProject
Project("{FAE04EC0-301F-11D3-BF4B-00C04F79EFBC}") = "OrbitalOrganizer.AvaloniaUI", "OrbitalOrganizer.AvaloniaUI\OrbitalOrganizer.AvaloniaUI.csproj", "{72DA419F-4B7E-42E7-AB4D-36F0D7FB9EB3}"
EndProject
Project("{FAE04EC0-301F-11D3-BF4B-00C04F79EFBC}") = "OrbitalOrganizer.WPF", "OrbitalOrganizer.WPF\OrbitalOrganizer.WPF.csproj", "{A3B5C8D1-E6F7-4A2B-9C3D-1E5F7A8B9C0D}"
EndProject
Global
	GlobalSection(SolutionConfigurationPlatforms) = preSolution
		Debug|Any CPU = Debug|Any CPU
		Release|Any CPU = Release|Any CPU
	EndGlobalSection
	GlobalSection(SolutionProperties) = preSolution
		HideSolutionNode = FALSE
	EndGlobalSection
	GlobalSection(ProjectConfigurationPlatforms) = postSolution
		{1E27D6B2-7F02-436A-A43D-F43FCD6A2410}.Debug|Any CPU.ActiveCfg = Debug|Any CPU
		{1E27D6B2-7F02-436A-A43D-F43FCD6A2410}.Debug|Any CPU.Build.0 = Debug|Any CPU
		{1E27D6B2-7F02-436A-A43D-F43FCD6A2410}.Release|Any CPU.ActiveCfg = Release|Any CPU
		{1E27D6B2-7F02-436A-A43D-F43FCD6A2410}.Release|Any CPU.Build.0 = Release|Any CPU
		{72DA419F-4B7E-42E7-AB4D-36F0D7FB9EB3}.Debug|Any CPU.ActiveCfg = Debug|Any CPU
		{72DA419F-4B7E-42E7-AB4D-36F0D7FB9EB3}.Debug|Any CPU.Build.0 = Debug|Any CPU
		{72DA419F-4B7E-42E7-AB4D-36F0D7FB9EB3}.Release|Any CPU.ActiveCfg = Release|Any CPU
		{72DA419F-4B7E-42E7-AB4D-36F0D7FB9EB3}.Release|Any CPU.Build.0 = Release|Any CPU
		{A3B5C8D1-E6F7-4A2B-9C3D-1E5F7A8B9C0D}.Debug|Any CPU.ActiveCfg = Debug|Any CPU
		{A3B5C8D1-E6F7-4A2B-9C3D-1E5F7A8B9C0D}.Debug|Any CPU.Build.0 = Debug|Any CPU
		{A3B5C8D1-E6F7-4A2B-9C3D-1E5F7A8B9C0D}.Release|Any CPU.ActiveCfg = Release|Any CPU
		{A3B5C8D1-E6F7-4A2B-9C3D-1E5F7A8B9C0D}.Release|Any CPU.Build.0 = Release|Any CPU
	EndGlobalSection
EndGlobal
